
Microsoft Visual Studio Solution File, Format Version 12.00
# Visual Studio Version 17
VisualStudioVersion = 17.1.32328.378
MinimumVisualStudioVersion = 10.0.40219.1
Project("{FAE04EC0-301F-11D3-BF4B-00C04F79EFBC}") = "AsciiPinyin.Web", "AsciiPinyin.Web\AsciiPinyin.Web.csproj", "{9FE3688A-F062-4246-99EB-4B583C9AF61C}"
EndProject
Global
	GlobalSection(SolutionConfigurationPlatforms) = preSolution
		Debug|Any CPU = Debug|Any CPU
		Release|Any CPU = Release|Any CPU
	EndGlobalSection
	GlobalSection(ProjectConfigurationPlatforms) = postSolution
		{9FE3688A-F062-4246-99EB-4B583C9AF61C}.Debug|Any CPU.ActiveCfg = Debug|Any CPU
		{9FE3688A-F062-4246-99EB-4B583C9AF61C}.Debug|Any CPU.Build.0 = Debug|Any CPU
		{9FE3688A-F062-4246-99EB-4B583C9AF61C}.Release|Any CPU.ActiveCfg = Release|Any CPU
		{9FE3688A-F062-4246-99EB-4B583C9AF61C}.Release|Any CPU.Build.0 = Release|Any CPU
	EndGlobalSection
	GlobalSection(SolutionProperties) = preSolution
		HideSolutionNode = FALSE
	EndGlobalSection
	GlobalSection(ExtensibilityGlobals) = postSolution
		SolutionGuid = {FC8C7694-8981-432F-AD05-422C53469BB2}
	EndGlobalSection
EndGlobal
